// !$*UTF8*$!
{
	archiveVersion = 1;
	classes = {
	};
	objectVersion = 56;
	objects = {

/* Begin PBXBuildFile section */
		F70C84202A240038003FC9A1 /* FavouriteMoviesApp.swift in Sources */ = {isa = PBXBuildFile; fileRef = F70C841F2A240038003FC9A1 /* FavouriteMoviesApp.swift */; };
		F70C84242A240039003FC9A1 /* Assets.xcassets in Resources */ = {isa = PBXBuildFile; fileRef = F70C84232A240039003FC9A1 /* Assets.xcassets */; };
		F70C84272A240039003FC9A1 /* Preview Assets.xcassets in Resources */ = {isa = PBXBuildFile; fileRef = F70C84262A240039003FC9A1 /* Preview Assets.xcassets */; };
		F70C84302A240098003FC9A1 /* MovieListView.swift in Sources */ = {isa = PBXBuildFile; fileRef = F70C842F2A240098003FC9A1 /* MovieListView.swift */; };
		F78076452A24339800711270 /* db.sqlite in Resources */ = {isa = PBXBuildFile; fileRef = F78076442A24339800711270 /* db.sqlite */; };
		F78076482A24347100711270 /* MovieItemView.swift in Sources */ = {isa = PBXBuildFile; fileRef = F78076472A24347100711270 /* MovieItemView.swift */; };
		F780764B2A2437CD00711270 /* Blackbird in Frameworks */ = {isa = PBXBuildFile; productRef = F780764A2A2437CD00711270 /* Blackbird */; };
		F780764D2A24381900711270 /* AppDatabase.swift in Sources */ = {isa = PBXBuildFile; fileRef = F780764C2A24381900711270 /* AppDatabase.swift */; };
		F780764F2A2438B300711270 /* Movie.swift in Sources */ = {isa = PBXBuildFile; fileRef = F780764E2A2438B300711270 /* Movie.swift */; };
		F78076512A243A1C00711270 /* AddMovieView.swift in Sources */ = {isa = PBXBuildFile; fileRef = F78076502A243A1C00711270 /* AddMovieView.swift */; };
/* End PBXBuildFile section */

/* Begin PBXFileReference section */
		F70C841C2A240038003FC9A1 /* FavouriteMovies.app */ = {isa = PBXFileReference; explicitFileType = wrapper.application; includeInIndex = 0; path = FavouriteMovies.app; sourceTree = BUILT_PRODUCTS_DIR; };
		F70C841F2A240038003FC9A1 /* FavouriteMoviesApp.swift */ = {isa = PBXFileReference; lastKnownFileType = sourcecode.swift; path = FavouriteMoviesApp.swift; sourceTree = "<group>"; };
		F70C84232A240039003FC9A1 /* Assets.xcassets */ = {isa = PBXFileReference; lastKnownFileType = folder.assetcatalog; path = Assets.xcassets; sourceTree = "<group>"; };
		F70C84262A240039003FC9A1 /* Preview Assets.xcassets */ = {isa = PBXFileReference; lastKnownFileType = folder.assetcatalog; path = "Preview Assets.xcassets"; sourceTree = "<group>"; };
		F70C842F2A240098003FC9A1 /* MovieListView.swift */ = {isa = PBXFileReference; lastKnownFileType = sourcecode.swift; path = MovieListView.swift; sourceTree = "<group>"; };
		F78076442A24339800711270 /* db.sqlite */ = {isa = PBXFileReference; lastKnownFileType = file; path = db.sqlite; sourceTree = "<group>"; };
		F78076472A24347100711270 /* MovieItemView.swift */ = {isa = PBXFileReference; lastKnownFileType = sourcecode.swift; path = MovieItemView.swift; sourceTree = "<group>"; };
		F780764C2A24381900711270 /* AppDatabase.swift */ = {isa = PBXFileReference; lastKnownFileType = sourcecode.swift; path = AppDatabase.swift; sourceTree = "<group>"; };
		F780764E2A2438B300711270 /* Movie.swift */ = {isa = PBXFileReference; lastKnownFileType = sourcecode.swift; path = Movie.swift; sourceTree = "<group>"; };
		F78076502A243A1C00711270 /* AddMovieView.swift */ = {isa = PBXFileReference; lastKnownFileType = sourcecode.swift; path = AddMovieView.swift; sourceTree = "<group>"; };
/* End PBXFileReference section */

/* Begin PBXFrameworksBuildPhase section */
		F70C84192A240038003FC9A1 /* Frameworks */ = {
			isa = PBXFrameworksBuildPhase;
			buildActionMask = 2147483647;
			files = (
				F780764B2A2437CD00711270 /* Blackbird in Frameworks */,
			);
			runOnlyForDeploymentPostprocessing = 0;
		};
/* End PBXFrameworksBuildPhase section */

/* Begin PBXGroup section */
		F70C84132A240038003FC9A1 = {
			isa = PBXGroup;
			children = (
				F70C841E2A240038003FC9A1 /* FavouriteMovies */,
				F70C841D2A240038003FC9A1 /* Products */,
			);
			sourceTree = "<group>";
		};
		F70C841D2A240038003FC9A1 /* Products */ = {
			isa = PBXGroup;
			children = (
				F70C841C2A240038003FC9A1 /* FavouriteMovies.app */,
			);
			name = Products;
			sourceTree = "<group>";
		};
		F70C841E2A240038003FC9A1 /* FavouriteMovies */ = {
			isa = PBXGroup;
			children = (
				F70C841F2A240038003FC9A1 /* FavouriteMoviesApp.swift */,
				F70C842D2A240072003FC9A1 /* Model */,
				F70C842E2A240079003FC9A1 /* Views */,
				F70C84232A240039003FC9A1 /* Assets.xcassets */,
				F70C84252A240039003FC9A1 /* Preview Content */,
			);
			path = FavouriteMovies;
			sourceTree = "<group>";
		};
		F70C84252A240039003FC9A1 /* Preview Content */ = {
			isa = PBXGroup;
			children = (
				F70C84262A240039003FC9A1 /* Preview Assets.xcassets */,
			);
			path = "Preview Content";
			sourceTree = "<group>";
		};
		F70C842D2A240072003FC9A1 /* Model */ = {
			isa = PBXGroup;
			children = (
				F78076442A24339800711270 /* db.sqlite */,
				F780764E2A2438B300711270 /* Movie.swift */,
			);
			path = Model;
			sourceTree = "<group>";
		};
		F70C842E2A240079003FC9A1 /* Views */ = {
			isa = PBXGroup;
			children = (
				F78076462A24345A00711270 /* Helpers */,
				F70C842F2A240098003FC9A1 /* MovieListView.swift */,
				F78076502A243A1C00711270 /* AddMovieView.swift */,
			);
			path = Views;
			sourceTree = "<group>";
		};
		F78076462A24345A00711270 /* Helpers */ = {
			isa = PBXGroup;
			children = (
				F78076472A24347100711270 /* MovieItemView.swift */,
				F780764C2A24381900711270 /* AppDatabase.swift */,
			);
			path = Helpers;
			sourceTree = "<group>";
		};
/* End PBXGroup section */

/* Begin PBXNativeTarget section */
		F70C841B2A240038003FC9A1 /* FavouriteMovies */ = {
			isa = PBXNativeTarget;
			buildConfigurationList = F70C842A2A240039003FC9A1 /* Build configuration list for PBXNativeTarget "FavouriteMovies" */;
			buildPhases = (
				F70C84182A240038003FC9A1 /* Sources */,
				F70C84192A240038003FC9A1 /* Frameworks */,
				F70C841A2A240038003FC9A1 /* Resources */,
			);
			buildRules = (
			);
			dependencies = (
			);
			name = FavouriteMovies;
			packageProductDependencies = (
				F780764A2A2437CD00711270 /* Blackbird */,
			);
			productName = FavouriteMovies;
			productReference = F70C841C2A240038003FC9A1 /* FavouriteMovies.app */;
			productType = "com.apple.product-type.application";
		};
/* End PBXNativeTarget section */

/* Begin PBXProject section */
		F70C84142A240038003FC9A1 /* Project object */ = {
			isa = PBXProject;
			attributes = {
				BuildIndependentTargetsInParallel = 1;
				LastSwiftUpdateCheck = 1430;
				LastUpgradeCheck = 1430;
				TargetAttributes = {
					F70C841B2A240038003FC9A1 = {
						CreatedOnToolsVersion = 14.3;
					};
				};
			};
			buildConfigurationList = F70C84172A240038003FC9A1 /* Build configuration list for PBXProject "FavouriteMovies" */;
			compatibilityVersion = "Xcode 14.0";
			developmentRegion = en;
			hasScannedForEncodings = 0;
			knownRegions = (
				en,
				Base,
			);
			mainGroup = F70C84132A240038003FC9A1;
			packageReferences = (
				F78076492A2437CD00711270 /* XCRemoteSwiftPackageReference "Blackbird" */,
			);
			productRefGroup = F70C841D2A240038003FC9A1 /* Products */;
			projectDirPath = "";
			projectRoot = "";
			targets = (
				F70C841B2A240038003FC9A1 /* FavouriteMovies */,
			);
		};
/* End PBXProject section */

/* Begin PBXResourcesBuildPhase section */
		F70C841A2A240038003FC9A1 /* Resources */ = {
			isa = PBXResourcesBuildPhase;
			buildActionMask = 2147483647;
			files = (
				F70C84272A240039003FC9A1 /* Preview Assets.xcassets in Resources */,
				F78076452A24339800711270 /* db.sqlite in Resources */,
				F70C84242A240039003FC9A1 /* Assets.xcassets in Resources */,
			);
			runOnlyForDeploymentPostprocessing = 0;
		};
/* End PBXResourcesBuildPhase section */

/* Begin PBXSourcesBuildPhase section */
		F70C84182A240038003FC9A1 /* Sources */ = {
			isa = PBXSourcesBuildPhase;
			buildActionMask = 2147483647;
			files = (
				F78076482A24347100711270 /* MovieItemView.swift in Sources */,
				F70C84202A240038003FC9A1 /* FavouriteMoviesApp.swift in Sources */,
				F780764D2A24381900711270 /* AppDatabase.swift in Sources */,
				F70C84302A240098003FC9A1 /* MovieListView.swift in Sources */,
				F780764F2A2438B300711270 /* Movie.swift in Sources */,
				F78076512A243A1C00711270 /* AddMovieView.swift in Sources */,
			);
			runOnlyForDeploymentPostprocessing = 0;
		};
/* End PBXSourcesBuildPhase section */

/* Begin XCBuildConfiguration section */
		F70C84282A240039003FC9A1 /* Debug */ = {
			isa = XCBuildConfiguration;
			buildSettings = {
				ALWAYS_SEARCH_USER_PATHS = NO;
				CLANG_ANALYZER_NONNULL = YES;
				CLANG_ANALYZER_NUMBER_OBJECT_CONVERSION = YES_AGGRESSIVE;
				CLANG_CXX_LANGUAGE_STANDARD = "gnu++20";
				CLANG_ENABLE_MODULES = YES;
				CLANG_ENABLE_OBJC_ARC = YES;
				CLANG_ENABLE_OBJC_WEAK = YES;
				CLANG_WARN_BLOCK_CAPTURE_AUTORELEASING = YES;
				CLANG_WARN_BOOL_CONVERSION = YES;
				CLANG_WARN_COMMA = YES;
				CLANG_WARN_CONSTANT_CONVERSION = YES;
				CLANG_WARN_DEPRECATED_OBJC_IMPLEMENTATIONS = YES;
				CLANG_WARN_DIRECT_OBJC_ISA_USAGE = YES_ERROR;
				CLANG_WARN_DOCUMENTATION_COMMENTS = YES;
				CLANG_WARN_EMPTY_BODY = YES;
				CLANG_WARN_ENUM_CONVERSION = YES;
				CLANG_WARN_INFINITE_RECURSION = YES;
				CLANG_WARN_INT_CONVERSION = YES;
				CLANG_WARN_NON_LITERAL_NULL_CONVERSION = YES;
				CLANG_WARN_OBJC_IMPLICIT_RETAIN_SELF = YES;
				CLANG_WARN_OBJC_LITERAL_CONVERSION = YES;
				CLANG_WARN_OBJC_ROOT_CLASS = YES_ERROR;
				CLANG_WARN_QUOTED_INCLUDE_IN_FRAMEWORK_HEADER = YES;
				CLANG_WARN_RANGE_LOOP_ANALYSIS = YES;
				CLANG_WARN_STRICT_PROTOTYPES = YES;
				CLANG_WARN_SUSPICIOUS_MOVE = YES;
				CLANG_WARN_UNGUARDED_AVAILABILITY = YES_AGGRESSIVE;
				CLANG_WARN_UNREACHABLE_CODE = YES;
				CLANG_WARN__DUPLICATE_METHOD_MATCH = YES;
				COPY_PHASE_STRIP = NO;
				DEBUG_INFORMATION_FORMAT = dwarf;
				ENABLE_STRICT_OBJC_MSGSEND = YES;
				ENABLE_TESTABILITY = YES;
				GCC_C_LANGUAGE_STANDARD = gnu11;
				GCC_DYNAMIC_NO_PIC = NO;
				GCC_NO_COMMON_BLOCKS = YES;
				GCC_OPTIMIZATION_LEVEL = 0;
				GCC_PREPROCESSOR_DEFINITIONS = (
					"DEBUG=1",
					"$(inherited)",
				);
				GCC_WARN_64_TO_32_BIT_CONVERSION = YES;
				GCC_WARN_ABOUT_RETURN_TYPE = YES_ERROR;
				GCC_WARN_UNDECLARED_SELECTOR = YES;
				GCC_WARN_UNINITIALIZED_AUTOS = YES_AGGRESSIVE;
				GCC_WARN_UNUSED_FUNCTION = YES;
				GCC_WARN_UNUSED_VARIABLE = YES;
				IPHONEOS_DEPLOYMENT_TARGET = 16.4;
				MTL_ENABLE_DEBUG_INFO = INCLUDE_SOURCE;
				MTL_FAST_MATH = YES;
				ONLY_ACTIVE_ARCH = YES;
				SDKROOT = iphoneos;
				SWIFT_ACTIVE_COMPILATION_CONDITIONS = DEBUG;
				SWIFT_OPTIMIZATION_LEVEL = "-Onone";
			};
			name = Debug;
		};
		F70C84292A240039003FC9A1 /* Release */ = {
			isa = XCBuildConfiguration;
			buildSettings = {
				ALWAYS_SEARCH_USER_PATHS = NO;
				CLANG_ANALYZER_NONNULL = YES;
				CLANG_ANALYZER_NUMBER_OBJECT_CONVERSION = YES_AGGRESSIVE;
				CLANG_CXX_LANGUAGE_STANDARD = "gnu++20";
				CLANG_ENABLE_MODULES = YES;
				CLANG_ENABLE_OBJC_ARC = YES;
				CLANG_ENABLE_OBJC_WEAK = YES;
				CLANG_WARN_BLOCK_CAPTURE_AUTORELEASING = YES;
				CLANG_WARN_BOOL_CONVERSION = YES;
				CLANG_WARN_COMMA = YES;
				CLANG_WARN_CONSTANT_CONVERSION = YES;
				CLANG_WARN_DEPRECATED_OBJC_IMPLEMENTATIONS = YES;
				CLANG_WARN_DIRECT_OBJC_ISA_USAGE = YES_ERROR;
				CLANG_WARN_DOCUMENTATION_COMMENTS = YES;
				CLANG_WARN_EMPTY_BODY = YES;
				CLANG_WARN_ENUM_CONVERSION = YES;
				CLANG_WARN_INFINITE_RECURSION = YES;
				CLANG_WARN_INT_CONVERSION = YES;
				CLANG_WARN_NON_LITERAL_NULL_CONVERSION = YES;
				CLANG_WARN_OBJC_IMPLICIT_RETAIN_SELF = YES;
				CLANG_WARN_OBJC_LITERAL_CONVERSION = YES;
				CLANG_WARN_OBJC_ROOT_CLASS = YES_ERROR;
				CLANG_WARN_QUOTED_INCLUDE_IN_FRAMEWORK_HEADER = YES;
				CLANG_WARN_RANGE_LOOP_ANALYSIS = YES;
				CLANG_WARN_STRICT_PROTOTYPES = YES;
				CLANG_WARN_SUSPICIOUS_MOVE = YES;
				CLANG_WARN_UNGUARDED_AVAILABILITY = YES_AGGRESSIVE;
				CLANG_WARN_UNREACHABLE_CODE = YES;
				CLANG_WARN__DUPLICATE_METHOD_MATCH = YES;
				COPY_PHASE_STRIP = NO;
				DEBUG_INFORMATION_FORMAT = "dwarf-with-dsym";
				ENABLE_NS_ASSERTIONS = NO;
				ENABLE_STRICT_OBJC_MSGSEND = YES;
				GCC_C_LANGUAGE_STANDARD = gnu11;
				GCC_NO_COMMON_BLOCKS = YES;
				GCC_WARN_64_TO_32_BIT_CONVERSION = YES;
				GCC_WARN_ABOUT_RETURN_TYPE = YES_ERROR;
				GCC_WARN_UNDECLARED_SELECTOR = YES;
				GCC_WARN_UNINITIALIZED_AUTOS = YES_AGGRESSIVE;
				GCC_WARN_UNUSED_FUNCTION = YES;
				GCC_WARN_UNUSED_VARIABLE = YES;
				IPHONEOS_DEPLOYMENT_TARGET = 16.4;
				MTL_ENABLE_DEBUG_INFO = NO;
				MTL_FAST_MATH = YES;
				SDKROOT = iphoneos;
				SWIFT_COMPILATION_MODE = wholemodule;
				SWIFT_OPTIMIZATION_LEVEL = "-O";
				VALIDATE_PRODUCT = YES;
			};
			name = Release;
		};
		F70C842B2A240039003FC9A1 /* Debug */ = {
			isa = XCBuildConfiguration;
			buildSettings = {
				ASSETCATALOG_COMPILER_APPICON_NAME = AppIcon;
				ASSETCATALOG_COMPILER_GLOBAL_ACCENT_COLOR_NAME = AccentColor;
				CODE_SIGN_STYLE = Automatic;
				CURRENT_PROJECT_VERSION = 1;
				DEVELOPMENT_ASSET_PATHS = "\"FavouriteMovies/Preview Content\"";
				DEVELOPMENT_TEAM = 62Z25TVGDQ;
				ENABLE_PREVIEWS = YES;
				GENERATE_INFOPLIST_FILE = YES;
				INFOPLIST_KEY_UIApplicationSceneManifest_Generation = YES;
				INFOPLIST_KEY_UIApplicationSupportsIndirectInputEvents = YES;
				INFOPLIST_KEY_UILaunchScreen_Generation = YES;
				INFOPLIST_KEY_UISupportedInterfaceOrientations_iPad = "UIInterfaceOrientationPortrait UIInterfaceOrientationPortraitUpsideDown UIInterfaceOrientationLandscapeLeft UIInterfaceOrientationLandscapeRight";
				INFOPLIST_KEY_UISupportedInterfaceOrientations_iPhone = "UIInterfaceOrientationPortrait UIInterfaceOrientationLandscapeLeft UIInterfaceOrientationLandscapeRight";
				LD_RUNPATH_SEARCH_PATHS = (
					"$(inherited)",
					"@executable_path/Frameworks",
				);
				MARKETING_VERSION = 1.0;
				PRODUCT_BUNDLE_IDENTIFIER = ca.kihookazawa.FavouriteMovies;
				PRODUCT_NAME = "$(TARGET_NAME)";
				SWIFT_EMIT_LOC_STRINGS = YES;
				SWIFT_VERSION = 5.0;
				TARGETED_DEVICE_FAMILY = "1,2";
			};
			name = Debug;
		};
		F70C842C2A240039003FC9A1 /* Release */ = {
			isa = XCBuildConfiguration;
			buildSettings = {
				ASSETCATALOG_COMPILER_APPICON_NAME = AppIcon;
				ASSETCATALOG_COMPILER_GLOBAL_ACCENT_COLOR_NAME = AccentColor;
				CODE_SIGN_STYLE = Automatic;
				CURRENT_PROJECT_VERSION = 1;
				DEVELOPMENT_ASSET_PATHS = "\"FavouriteMovies/Preview Content\"";
				DEVELOPMENT_TEAM = 62Z25TVGDQ;
				ENABLE_PREVIEWS = YES;
				GENERATE_INFOPLIST_FILE = YES;
				INFOPLIST_KEY_UIApplicationSceneManifest_Generation = YES;
				INFOPLIST_KEY_UIApplicationSupportsIndirectInputEvents = YES;
				INFOPLIST_KEY_UILaunchScreen_Generation = YES;
				INFOPLIST_KEY_UISupportedInterfaceOrientations_iPad = "UIInterfaceOrientationPortrait UIInterfaceOrientationPortraitUpsideDown UIInterfaceOrientationLandscapeLeft UIInterfaceOrientationLandscapeRight";
				INFOPLIST_KEY_UISupportedInterfaceOrientations_iPhone = "UIInterfaceOrientationPortrait UIInterfaceOrientationLandscapeLeft UIInterfaceOrientationLandscapeRight";
				LD_RUNPATH_SEARCH_PATHS = (
					"$(inherited)",
					"@executable_path/Frameworks",
				);
				MARKETING_VERSION = 1.0;
				PRODUCT_BUNDLE_IDENTIFIER = ca.kihookazawa.FavouriteMovies;
				PRODUCT_NAME = "$(TARGET_NAME)";
				SWIFT_EMIT_LOC_STRINGS = YES;
				SWIFT_VERSION = 5.0;
				TARGETED_DEVICE_FAMILY = "1,2";
			};
			name = Release;
		};
/* End XCBuildConfiguration section */

/* Begin XCConfigurationList section */
		F70C84172A240038003FC9A1 /* Build configuration list for PBXProject "FavouriteMovies" */ = {
			isa = XCConfigurationList;
			buildConfigurations = (
				F70C84282A240039003FC9A1 /* Debug */,
				F70C84292A240039003FC9A1 /* Release */,
			);
			defaultConfigurationIsVisible = 0;
			defaultConfigurationName = Release;
		};
		F70C842A2A240039003FC9A1 /* Build configuration list for PBXNativeTarget "FavouriteMovies" */ = {
			isa = XCConfigurationList;
			buildConfigurations = (
				F70C842B2A240039003FC9A1 /* Debug */,
				F70C842C2A240039003FC9A1 /* Release */,
			);
			defaultConfigurationIsVisible = 0;
			defaultConfigurationName = Release;
		};
/* End XCConfigurationList section */

/* Begin XCRemoteSwiftPackageReference section */
		F78076492A2437CD00711270 /* XCRemoteSwiftPackageReference "Blackbird" */ = {
			isa = XCRemoteSwiftPackageReference;
			repositoryURL = "https://github.com/marcoarment/Blackbird";
			requirement = {
				branch = main;
				kind = branch;
			};
		};
/* End XCRemoteSwiftPackageReference section */

/* Begin XCSwiftPackageProductDependency section */
		F780764A2A2437CD00711270 /* Blackbird */ = {
			isa = XCSwiftPackageProductDependency;
			package = F78076492A2437CD00711270 /* XCRemoteSwiftPackageReference "Blackbird" */;
			productName = Blackbird;
		};
/* End XCSwiftPackageProductDependency section */
	};
	rootObject = F70C84142A240038003FC9A1 /* Project object */;
}
